// !$*UTF8*$!
{
	archiveVersion = 1;
	classes = {
	};
	objectVersion = 46;
	objects = {

/* Begin PBXBuildFile section */
		1D3623260D0F684500981E51 /* GawkAppDelegate.m in Sources */ = {isa = PBXBuildFile; fileRef = 1D3623250D0F684500981E51 /* GawkAppDelegate.m */; };
		1D60589B0D05DD56006BFB54 /* main.m in Sources */ = {isa = PBXBuildFile; fileRef = 29B97316FDCFA39411CA2CEA /* main.m */; };
		1D60589F0D05DD5A006BFB54 /* Foundation.framework in Frameworks */ = {isa = PBXBuildFile; fileRef = 1D30AB110D05D00D00671497 /* Foundation.framework */; };
		1DF5F4E00D08C38300B7A737 /* UIKit.framework in Frameworks */ = {isa = PBXBuildFile; fileRef = 1DF5F4DF0D08C38300B7A737 /* UIKit.framework */; };
		288765A50DF7441C002DB57D /* CoreGraphics.framework in Frameworks */ = {isa = PBXBuildFile; fileRef = 288765A40DF7441C002DB57D /* CoreGraphics.framework */; };
		2899E5220DE3E06400AC0155 /* GawkViewController.xib in Resources */ = {isa = PBXBuildFile; fileRef = 2899E5210DE3E06400AC0155 /* GawkViewController.xib */; };
		28AD733F0D9D9553002E5188 /* MainWindow.xib in Resources */ = {isa = PBXBuildFile; fileRef = 28AD733E0D9D9553002E5188 /* MainWindow.xib */; };
		28D7ACF80DDB3853001CB0EB /* GawkViewController.m in Sources */ = {isa = PBXBuildFile; fileRef = 28D7ACF70DDB3853001CB0EB /* GawkViewController.m */; };
		E200721712F8D97D006CAFBA /* Default.png in Resources */ = {isa = PBXBuildFile; fileRef = E200721512F8D97D006CAFBA /* Default.png */; };
		E200721812F8D97D006CAFBA /* Default@2.png in Resources */ = {isa = PBXBuildFile; fileRef = E200721612F8D97D006CAFBA /* Default@2.png */; };
		E200729212F9F219006CAFBA /* refresh.png in Resources */ = {isa = PBXBuildFile; fileRef = E200729112F9F219006CAFBA /* refresh.png */; };
		E200734712FA0DA1006CAFBA /* texture.png in Resources */ = {isa = PBXBuildFile; fileRef = E200734612FA0DA1006CAFBA /* texture.png */; };
		E20073C312FA1DD0006CAFBA /* TODO in Resources */ = {isa = PBXBuildFile; fileRef = E20073C212FA1DD0006CAFBA /* TODO */; };
		E227429412A88A280075E726 /* icon.png in Resources */ = {isa = PBXBuildFile; fileRef = E227429312A88A280075E726 /* icon.png */; };
		E22C4A921320489900C2B7BB /* fbicon.png in Resources */ = {isa = PBXBuildFile; fileRef = E22C4A911320489900C2B7BB /* fbicon.png */; };
		E26BE88712F8ACEB002B50C2 /* CHANGELOG in Resources */ = {isa = PBXBuildFile; fileRef = E26BE88612F8ACEB002B50C2 /* CHANGELOG */; };
		E26BE88912F8AE2E002B50C2 /* README.md in Resources */ = {isa = PBXBuildFile; fileRef = E26BE88812F8AE2E002B50C2 /* README.md */; };
		E27157321316F1E1002BD0A2 /* FBDialog.bundle in Resources */ = {isa = PBXBuildFile; fileRef = E271571A1316F1E1002BD0A2 /* FBDialog.bundle */; };
		E27157331316F1E1002BD0A2 /* NSObject+SBJSON.m in Sources */ = {isa = PBXBuildFile; fileRef = E271571E1316F1E1002BD0A2 /* NSObject+SBJSON.m */; };
		E27157341316F1E1002BD0A2 /* NSString+SBJSON.m in Sources */ = {isa = PBXBuildFile; fileRef = E27157201316F1E1002BD0A2 /* NSString+SBJSON.m */; };
		E27157351316F1E1002BD0A2 /* SBJSON.m in Sources */ = {isa = PBXBuildFile; fileRef = E27157221316F1E1002BD0A2 /* SBJSON.m */; };
		E27157361316F1E1002BD0A2 /* SBJsonBase.m in Sources */ = {isa = PBXBuildFile; fileRef = E27157241316F1E1002BD0A2 /* SBJsonBase.m */; };
		E27157371316F1E1002BD0A2 /* SBJsonParser.m in Sources */ = {isa = PBXBuildFile; fileRef = E27157261316F1E1002BD0A2 /* SBJsonParser.m */; };
		E27157381316F1E1002BD0A2 /* SBJsonWriter.m in Sources */ = {isa = PBXBuildFile; fileRef = E27157281316F1E1002BD0A2 /* SBJsonWriter.m */; };
		E27157391316F1E1002BD0A2 /* FBRequest.m in Sources */ = {isa = PBXBuildFile; fileRef = E271572B1316F1E1002BD0A2 /* FBRequest.m */; };
		E271573A1316F1E1002BD0A2 /* Facebook.m in Sources */ = {isa = PBXBuildFile; fileRef = E271572C1316F1E1002BD0A2 /* Facebook.m */; };
		E271573B1316F1E1002BD0A2 /* FBLoginDialog.m in Sources */ = {isa = PBXBuildFile; fileRef = E271572F1316F1E1002BD0A2 /* FBLoginDialog.m */; };
		E271573C1316F1E1002BD0A2 /* FBDialog.m in Sources */ = {isa = PBXBuildFile; fileRef = E27157311316F1E1002BD0A2 /* FBDialog.m */; };
		E271576F1316FE39002BD0A2 /* LoginViewController.m in Sources */ = {isa = PBXBuildFile; fileRef = E271576D1316FE39002BD0A2 /* LoginViewController.m */; };
		E27157701316FE39002BD0A2 /* LoginViewController.xib in Resources */ = {isa = PBXBuildFile; fileRef = E271576E1316FE39002BD0A2 /* LoginViewController.xib */; };
		E27157D81317068B002BD0A2 /* rounded_table_cell_bottom.png in Resources */ = {isa = PBXBuildFile; fileRef = E27157D31317068B002BD0A2 /* rounded_table_cell_bottom.png */; };
		E27157D91317068B002BD0A2 /* rounded_table_cell_bottom@2x.png in Resources */ = {isa = PBXBuildFile; fileRef = E27157D41317068B002BD0A2 /* rounded_table_cell_bottom@2x.png */; };
		E27157DA1317068B002BD0A2 /* rounded_table_cell_top.png in Resources */ = {isa = PBXBuildFile; fileRef = E27157D51317068B002BD0A2 /* rounded_table_cell_top.png */; };
		E27157DB1317068B002BD0A2 /* rounded_table_cell_top@2x.png in Resources */ = {isa = PBXBuildFile; fileRef = E27157D61317068B002BD0A2 /* rounded_table_cell_top@2x.png */; };
		E27157DC1317068B002BD0A2 /* rounded_table_cell.png in Resources */ = {isa = PBXBuildFile; fileRef = E27157D71317068B002BD0A2 /* rounded_table_cell.png */; };
		E2A9F98C12AEC5D4002C9D47 /* CameraViewController.m in Sources */ = {isa = PBXBuildFile; fileRef = E2A9F98A12AEC5D4002C9D47 /* CameraViewController.m */; };
		E2A9F98D12AEC5D4002C9D47 /* CameraViewController.xib in Resources */ = {isa = PBXBuildFile; fileRef = E2A9F98B12AEC5D4002C9D47 /* CameraViewController.xib */; };
		E2A9FA4E12AECB7E002C9D47 /* VideoCaptureManager.m in Sources */ = {isa = PBXBuildFile; fileRef = E2A9FA4D12AECB7E002C9D47 /* VideoCaptureManager.m */; };
		E2A9FACF12AEE4DD002C9D47 /* AVFoundation.framework in Frameworks */ = {isa = PBXBuildFile; fileRef = E2A9FACE12AEE4DD002C9D47 /* AVFoundation.framework */; };
		E2A9FAD512AEE4F0002C9D47 /* AssetsLibrary.framework in Frameworks */ = {isa = PBXBuildFile; fileRef = E2A9FAD412AEE4F0002C9D47 /* AssetsLibrary.framework */; };
		E2B2FAED12A7201300588D09 /* MobileCoreServices.framework in Frameworks */ = {isa = PBXBuildFile; fileRef = E2B2FAEC12A7201300588D09 /* MobileCoreServices.framework */; };
		E2B2FC9C12A851D700588D09 /* ASIDataCompressor.m in Sources */ = {isa = PBXBuildFile; fileRef = E2B2FC8B12A851D700588D09 /* ASIDataCompressor.m */; };
		E2B2FC9D12A851D700588D09 /* ASIDataDecompressor.m in Sources */ = {isa = PBXBuildFile; fileRef = E2B2FC8D12A851D700588D09 /* ASIDataDecompressor.m */; };
		E2B2FC9E12A851D700588D09 /* ASIDownloadCache.m in Sources */ = {isa = PBXBuildFile; fileRef = E2B2FC8F12A851D700588D09 /* ASIDownloadCache.m */; };
		E2B2FC9F12A851D700588D09 /* ASIFormDataRequest.m in Sources */ = {isa = PBXBuildFile; fileRef = E2B2FC9112A851D700588D09 /* ASIFormDataRequest.m */; };
		E2B2FCA012A851D700588D09 /* ASIHTTPRequest.m in Sources */ = {isa = PBXBuildFile; fileRef = E2B2FC9312A851D700588D09 /* ASIHTTPRequest.m */; };
		E2B2FCA112A851D700588D09 /* ASIInputStream.m in Sources */ = {isa = PBXBuildFile; fileRef = E2B2FC9712A851D700588D09 /* ASIInputStream.m */; };
		E2B2FCA212A851D700588D09 /* ASINetworkQueue.m in Sources */ = {isa = PBXBuildFile; fileRef = E2B2FC9912A851D700588D09 /* ASINetworkQueue.m */; };
		E2B2FCA612A851EE00588D09 /* CFNetwork.framework in Frameworks */ = {isa = PBXBuildFile; fileRef = E2B2FCA512A851EE00588D09 /* CFNetwork.framework */; };
		E2B2FCA812A851F400588D09 /* SystemConfiguration.framework in Frameworks */ = {isa = PBXBuildFile; fileRef = E2B2FCA712A851F400588D09 /* SystemConfiguration.framework */; };
		E2B2FCAA12A8521900588D09 /* libz.1.2.3.dylib in Frameworks */ = {isa = PBXBuildFile; fileRef = E2B2FCA912A8521900588D09 /* libz.1.2.3.dylib */; };
		E2B2FCEA12A854C200588D09 /* Reachability.m in Sources */ = {isa = PBXBuildFile; fileRef = E2B2FCE912A854C200588D09 /* Reachability.m */; };
		E2B2FD5112A8647500588D09 /* ASIAuthenticationDialog.m in Sources */ = {isa = PBXBuildFile; fileRef = E2B2FD5012A8647500588D09 /* ASIAuthenticationDialog.m */; };
		E2B2FDD212A87A0C00588D09 /* LICENSE in Resources */ = {isa = PBXBuildFile; fileRef = E2B2FDD112A87A0C00588D09 /* LICENSE */; };
		E2D9E96F12AD936600D317C7 /* Settings.bundle in Resources */ = {isa = PBXBuildFile; fileRef = E2D9E96E12AD936600D317C7 /* Settings.bundle */; };
		E2D9EB9D12ADD17800D317C7 /* SearchViewController.m in Sources */ = {isa = PBXBuildFile; fileRef = E2D9EB9B12ADD17800D317C7 /* SearchViewController.m */; };
		E2D9EB9E12ADD17800D317C7 /* SearchViewController.xib in Resources */ = {isa = PBXBuildFile; fileRef = E2D9EB9C12ADD17800D317C7 /* SearchViewController.xib */; };
/* End PBXBuildFile section */

/* Begin PBXFileReference section */
		1D30AB110D05D00D00671497 /* Foundation.framework */ = {isa = PBXFileReference; lastKnownFileType = wrapper.framework; name = Foundation.framework; path = System/Library/Frameworks/Foundation.framework; sourceTree = SDKROOT; };
		1D3623240D0F684500981E51 /* GawkAppDelegate.h */ = {isa = PBXFileReference; fileEncoding = 4; lastKnownFileType = sourcecode.c.h; path = GawkAppDelegate.h; sourceTree = "<group>"; };
		1D3623250D0F684500981E51 /* GawkAppDelegate.m */ = {isa = PBXFileReference; fileEncoding = 4; lastKnownFileType = sourcecode.c.objc; path = GawkAppDelegate.m; sourceTree = "<group>"; };
		1D6058910D05DD3D006BFB54 /* Gawk.app */ = {isa = PBXFileReference; explicitFileType = wrapper.application; includeInIndex = 0; path = Gawk.app; sourceTree = BUILT_PRODUCTS_DIR; };
		1DF5F4DF0D08C38300B7A737 /* UIKit.framework */ = {isa = PBXFileReference; lastKnownFileType = wrapper.framework; name = UIKit.framework; path = System/Library/Frameworks/UIKit.framework; sourceTree = SDKROOT; };
		288765A40DF7441C002DB57D /* CoreGraphics.framework */ = {isa = PBXFileReference; lastKnownFileType = wrapper.framework; name = CoreGraphics.framework; path = System/Library/Frameworks/CoreGraphics.framework; sourceTree = SDKROOT; };
		2899E5210DE3E06400AC0155 /* GawkViewController.xib */ = {isa = PBXFileReference; lastKnownFileType = file.xib; path = GawkViewController.xib; sourceTree = "<group>"; };
		28AD733E0D9D9553002E5188 /* MainWindow.xib */ = {isa = PBXFileReference; lastKnownFileType = file.xib; path = MainWindow.xib; sourceTree = "<group>"; };
		28D7ACF60DDB3853001CB0EB /* GawkViewController.h */ = {isa = PBXFileReference; fileEncoding = 4; lastKnownFileType = sourcecode.c.h; path = GawkViewController.h; sourceTree = "<group>"; };
		28D7ACF70DDB3853001CB0EB /* GawkViewController.m */ = {isa = PBXFileReference; fileEncoding = 4; lastKnownFileType = sourcecode.c.objc; path = GawkViewController.m; sourceTree = "<group>"; };
		29B97316FDCFA39411CA2CEA /* main.m */ = {isa = PBXFileReference; fileEncoding = 4; lastKnownFileType = sourcecode.c.objc; path = main.m; sourceTree = "<group>"; };
		32CA4F630368D1EE00C91783 /* Gawk_Prefix.pch */ = {isa = PBXFileReference; fileEncoding = 4; lastKnownFileType = sourcecode.c.h; path = Gawk_Prefix.pch; sourceTree = "<group>"; };
		8D1107310486CEB800E47090 /* Gawk-Info.plist */ = {isa = PBXFileReference; fileEncoding = 4; lastKnownFileType = text.plist.xml; path = "Gawk-Info.plist"; plistStructureDefinitionIdentifier = "com.apple.xcode.plist.structure-definition.iphone.info-plist"; sourceTree = "<group>"; };
		E200721512F8D97D006CAFBA /* Default.png */ = {isa = PBXFileReference; lastKnownFileType = image.png; path = Default.png; sourceTree = "<group>"; };
		E200721612F8D97D006CAFBA /* Default@2.png */ = {isa = PBXFileReference; lastKnownFileType = image.png; path = "Default@2.png"; sourceTree = "<group>"; };
		E200729112F9F219006CAFBA /* refresh.png */ = {isa = PBXFileReference; lastKnownFileType = image.png; path = refresh.png; sourceTree = "<group>"; };
		E200734612FA0DA1006CAFBA /* texture.png */ = {isa = PBXFileReference; lastKnownFileType = image.png; path = texture.png; sourceTree = "<group>"; };
		E20073C212FA1DD0006CAFBA /* TODO */ = {isa = PBXFileReference; fileEncoding = 4; lastKnownFileType = text; path = TODO; sourceTree = "<group>"; };
		E227429312A88A280075E726 /* icon.png */ = {isa = PBXFileReference; lastKnownFileType = image.png; path = icon.png; sourceTree = "<group>"; };
		E22C4A911320489900C2B7BB /* fbicon.png */ = {isa = PBXFileReference; lastKnownFileType = image.png; name = fbicon.png; path = Classes/FBDialog.bundle/images/fbicon.png; sourceTree = "<group>"; };
		E24C9F8212AC74CD00C71ECD /* Entitlements.plist */ = {isa = PBXFileReference; fileEncoding = 4; lastKnownFileType = text.plist.xml; path = Entitlements.plist; sourceTree = "<group>"; };
		E26BE88612F8ACEB002B50C2 /* CHANGELOG */ = {isa = PBXFileReference; fileEncoding = 4; lastKnownFileType = text; path = CHANGELOG; sourceTree = "<group>"; };
		E26BE88812F8AE2E002B50C2 /* README.md */ = {isa = PBXFileReference; fileEncoding = 4; lastKnownFileType = text; path = README.md; sourceTree = "<group>"; };
		E271571A1316F1E1002BD0A2 /* FBDialog.bundle */ = {isa = PBXFileReference; lastKnownFileType = "wrapper.plug-in"; path = FBDialog.bundle; sourceTree = "<group>"; };
		E271571C1316F1E1002BD0A2 /* JSON.h */ = {isa = PBXFileReference; fileEncoding = 4; lastKnownFileType = sourcecode.c.h; path = JSON.h; sourceTree = "<group>"; };
		E271571D1316F1E1002BD0A2 /* NSObject+SBJSON.h */ = {isa = PBXFileReference; fileEncoding = 4; lastKnownFileType = sourcecode.c.h; path = "NSObject+SBJSON.h"; sourceTree = "<group>"; };
		E271571E1316F1E1002BD0A2 /* NSObject+SBJSON.m */ = {isa = PBXFileReference; fileEncoding = 4; lastKnownFileType = sourcecode.c.objc; path = "NSObject+SBJSON.m"; sourceTree = "<group>"; };
		E271571F1316F1E1002BD0A2 /* NSString+SBJSON.h */ = {isa = PBXFileReference; fileEncoding = 4; lastKnownFileType = sourcecode.c.h; path = "NSString+SBJSON.h"; sourceTree = "<group>"; };
		E27157201316F1E1002BD0A2 /* NSString+SBJSON.m */ = {isa = PBXFileReference; fileEncoding = 4; lastKnownFileType = sourcecode.c.objc; path = "NSString+SBJSON.m"; sourceTree = "<group>"; };
		E27157211316F1E1002BD0A2 /* SBJSON.h */ = {isa = PBXFileReference; fileEncoding = 4; lastKnownFileType = sourcecode.c.h; path = SBJSON.h; sourceTree = "<group>"; };
		E27157221316F1E1002BD0A2 /* SBJSON.m */ = {isa = PBXFileReference; fileEncoding = 4; lastKnownFileType = sourcecode.c.objc; path = SBJSON.m; sourceTree = "<group>"; };
		E27157231316F1E1002BD0A2 /* SBJsonBase.h */ = {isa = PBXFileReference; fileEncoding = 4; lastKnownFileType = sourcecode.c.h; path = SBJsonBase.h; sourceTree = "<group>"; };
		E27157241316F1E1002BD0A2 /* SBJsonBase.m */ = {isa = PBXFileReference; fileEncoding = 4; lastKnownFileType = sourcecode.c.objc; path = SBJsonBase.m; sourceTree = "<group>"; };
		E27157251316F1E1002BD0A2 /* SBJsonParser.h */ = {isa = PBXFileReference; fileEncoding = 4; lastKnownFileType = sourcecode.c.h; path = SBJsonParser.h; sourceTree = "<group>"; };
		E27157261316F1E1002BD0A2 /* SBJsonParser.m */ = {isa = PBXFileReference; fileEncoding = 4; lastKnownFileType = sourcecode.c.objc; path = SBJsonParser.m; sourceTree = "<group>"; };
		E27157271316F1E1002BD0A2 /* SBJsonWriter.h */ = {isa = PBXFileReference; fileEncoding = 4; lastKnownFileType = sourcecode.c.h; path = SBJsonWriter.h; sourceTree = "<group>"; };
		E27157281316F1E1002BD0A2 /* SBJsonWriter.m */ = {isa = PBXFileReference; fileEncoding = 4; lastKnownFileType = sourcecode.c.objc; path = SBJsonWriter.m; sourceTree = "<group>"; };
		E27157291316F1E1002BD0A2 /* FBConnect.h */ = {isa = PBXFileReference; fileEncoding = 4; lastKnownFileType = sourcecode.c.h; path = FBConnect.h; sourceTree = "<group>"; };
		E271572A1316F1E1002BD0A2 /* FBRequest.h */ = {isa = PBXFileReference; fileEncoding = 4; lastKnownFileType = sourcecode.c.h; path = FBRequest.h; sourceTree = "<group>"; };
		E271572B1316F1E1002BD0A2 /* FBRequest.m */ = {isa = PBXFileReference; fileEncoding = 4; lastKnownFileType = sourcecode.c.objc; path = FBRequest.m; sourceTree = "<group>"; };
		E271572C1316F1E1002BD0A2 /* Facebook.m */ = {isa = PBXFileReference; fileEncoding = 4; lastKnownFileType = sourcecode.c.objc; path = Facebook.m; sourceTree = "<group>"; };
		E271572D1316F1E1002BD0A2 /* Facebook.h */ = {isa = PBXFileReference; fileEncoding = 4; lastKnownFileType = sourcecode.c.h; path = Facebook.h; sourceTree = "<group>"; };
		E271572E1316F1E1002BD0A2 /* FBLoginDialog.h */ = {isa = PBXFileReference; fileEncoding = 4; lastKnownFileType = sourcecode.c.h; path = FBLoginDialog.h; sourceTree = "<group>"; };
		E271572F1316F1E1002BD0A2 /* FBLoginDialog.m */ = {isa = PBXFileReference; fileEncoding = 4; lastKnownFileType = sourcecode.c.objc; path = FBLoginDialog.m; sourceTree = "<group>"; };
		E27157301316F1E1002BD0A2 /* FBDialog.h */ = {isa = PBXFileReference; fileEncoding = 4; lastKnownFileType = sourcecode.c.h; path = FBDialog.h; sourceTree = "<group>"; };
		E27157311316F1E1002BD0A2 /* FBDialog.m */ = {isa = PBXFileReference; fileEncoding = 4; lastKnownFileType = sourcecode.c.objc; path = FBDialog.m; sourceTree = "<group>"; };
		E271576C1316FE39002BD0A2 /* LoginViewController.h */ = {isa = PBXFileReference; fileEncoding = 4; lastKnownFileType = sourcecode.c.h; path = LoginViewController.h; sourceTree = "<group>"; };
		E271576D1316FE39002BD0A2 /* LoginViewController.m */ = {isa = PBXFileReference; fileEncoding = 4; lastKnownFileType = sourcecode.c.objc; path = LoginViewController.m; sourceTree = "<group>"; };
		E271576E1316FE39002BD0A2 /* LoginViewController.xib */ = {isa = PBXFileReference; lastKnownFileType = file.xib; name = LoginViewController.xib; path = Classes/LoginViewController.xib; sourceTree = "<group>"; };
		E27157D31317068B002BD0A2 /* rounded_table_cell_bottom.png */ = {isa = PBXFileReference; lastKnownFileType = image.png; path = rounded_table_cell_bottom.png; sourceTree = "<group>"; };
		E27157D41317068B002BD0A2 /* rounded_table_cell_bottom@2x.png */ = {isa = PBXFileReference; lastKnownFileType = image.png; path = "rounded_table_cell_bottom@2x.png"; sourceTree = "<group>"; };
		E27157D51317068B002BD0A2 /* rounded_table_cell_top.png */ = {isa = PBXFileReference; lastKnownFileType = image.png; path = rounded_table_cell_top.png; sourceTree = "<group>"; };
		E27157D61317068B002BD0A2 /* rounded_table_cell_top@2x.png */ = {isa = PBXFileReference; lastKnownFileType = image.png; path = "rounded_table_cell_top@2x.png"; sourceTree = "<group>"; };
		E27157D71317068B002BD0A2 /* rounded_table_cell.png */ = {isa = PBXFileReference; lastKnownFileType = image.png; path = rounded_table_cell.png; sourceTree = "<group>"; };
		E2A9F98912AEC5D4002C9D47 /* CameraViewController.h */ = {isa = PBXFileReference; fileEncoding = 4; lastKnownFileType = sourcecode.c.h; path = CameraViewController.h; sourceTree = "<group>"; };
		E2A9F98A12AEC5D4002C9D47 /* CameraViewController.m */ = {isa = PBXFileReference; fileEncoding = 4; lastKnownFileType = sourcecode.c.objc; path = CameraViewController.m; sourceTree = "<group>"; };
		E2A9F98B12AEC5D4002C9D47 /* CameraViewController.xib */ = {isa = PBXFileReference; lastKnownFileType = file.xib; name = CameraViewController.xib; path = Classes/CameraViewController.xib; sourceTree = "<group>"; };
		E2A9FA4C12AECB7E002C9D47 /* VideoCaptureManager.h */ = {isa = PBXFileReference; fileEncoding = 4; lastKnownFileType = sourcecode.c.h; path = VideoCaptureManager.h; sourceTree = "<group>"; };
		E2A9FA4D12AECB7E002C9D47 /* VideoCaptureManager.m */ = {isa = PBXFileReference; fileEncoding = 4; lastKnownFileType = sourcecode.c.objc; path = VideoCaptureManager.m; sourceTree = "<group>"; };
		E2A9FACE12AEE4DD002C9D47 /* AVFoundation.framework */ = {isa = PBXFileReference; lastKnownFileType = wrapper.framework; name = AVFoundation.framework; path = System/Library/Frameworks/AVFoundation.framework; sourceTree = SDKROOT; };
		E2A9FAD412AEE4F0002C9D47 /* AssetsLibrary.framework */ = {isa = PBXFileReference; lastKnownFileType = wrapper.framework; name = AssetsLibrary.framework; path = System/Library/Frameworks/AssetsLibrary.framework; sourceTree = SDKROOT; };
		E2A9FCB212AF1AD8002C9D47 /* QuartzCore.framework */ = {isa = PBXFileReference; lastKnownFileType = wrapper.framework; name = QuartzCore.framework; path = System/Library/Frameworks/QuartzCore.framework; sourceTree = SDKROOT; };
		E2B2FAEC12A7201300588D09 /* MobileCoreServices.framework */ = {isa = PBXFileReference; lastKnownFileType = wrapper.framework; name = MobileCoreServices.framework; path = System/Library/Frameworks/MobileCoreServices.framework; sourceTree = SDKROOT; };
		E2B2FC8912A851D700588D09 /* ASICacheDelegate.h */ = {isa = PBXFileReference; fileEncoding = 4; lastKnownFileType = sourcecode.c.h; path = ASICacheDelegate.h; sourceTree = "<group>"; };
		E2B2FC8A12A851D700588D09 /* ASIDataCompressor.h */ = {isa = PBXFileReference; fileEncoding = 4; lastKnownFileType = sourcecode.c.h; path = ASIDataCompressor.h; sourceTree = "<group>"; };
		E2B2FC8B12A851D700588D09 /* ASIDataCompressor.m */ = {isa = PBXFileReference; fileEncoding = 4; lastKnownFileType = sourcecode.c.objc; path = ASIDataCompressor.m; sourceTree = "<group>"; };
		E2B2FC8C12A851D700588D09 /* ASIDataDecompressor.h */ = {isa = PBXFileReference; fileEncoding = 4; lastKnownFileType = sourcecode.c.h; path = ASIDataDecompressor.h; sourceTree = "<group>"; };
		E2B2FC8D12A851D700588D09 /* ASIDataDecompressor.m */ = {isa = PBXFileReference; fileEncoding = 4; lastKnownFileType = sourcecode.c.objc; path = ASIDataDecompressor.m; sourceTree = "<group>"; };
		E2B2FC8E12A851D700588D09 /* ASIDownloadCache.h */ = {isa = PBXFileReference; fileEncoding = 4; lastKnownFileType = sourcecode.c.h; path = ASIDownloadCache.h; sourceTree = "<group>"; };
		E2B2FC8F12A851D700588D09 /* ASIDownloadCache.m */ = {isa = PBXFileReference; fileEncoding = 4; lastKnownFileType = sourcecode.c.objc; path = ASIDownloadCache.m; sourceTree = "<group>"; };
		E2B2FC9012A851D700588D09 /* ASIFormDataRequest.h */ = {isa = PBXFileReference; fileEncoding = 4; lastKnownFileType = sourcecode.c.h; path = ASIFormDataRequest.h; sourceTree = "<group>"; };
		E2B2FC9112A851D700588D09 /* ASIFormDataRequest.m */ = {isa = PBXFileReference; fileEncoding = 4; lastKnownFileType = sourcecode.c.objc; path = ASIFormDataRequest.m; sourceTree = "<group>"; };
		E2B2FC9212A851D700588D09 /* ASIHTTPRequest.h */ = {isa = PBXFileReference; fileEncoding = 4; lastKnownFileType = sourcecode.c.h; path = ASIHTTPRequest.h; sourceTree = "<group>"; };
		E2B2FC9312A851D700588D09 /* ASIHTTPRequest.m */ = {isa = PBXFileReference; fileEncoding = 4; lastKnownFileType = sourcecode.c.objc; path = ASIHTTPRequest.m; sourceTree = "<group>"; };
		E2B2FC9412A851D700588D09 /* ASIHTTPRequestConfig.h */ = {isa = PBXFileReference; fileEncoding = 4; lastKnownFileType = sourcecode.c.h; path = ASIHTTPRequestConfig.h; sourceTree = "<group>"; };
		E2B2FC9512A851D700588D09 /* ASIHTTPRequestDelegate.h */ = {isa = PBXFileReference; fileEncoding = 4; lastKnownFileType = sourcecode.c.h; path = ASIHTTPRequestDelegate.h; sourceTree = "<group>"; };
		E2B2FC9612A851D700588D09 /* ASIInputStream.h */ = {isa = PBXFileReference; fileEncoding = 4; lastKnownFileType = sourcecode.c.h; path = ASIInputStream.h; sourceTree = "<group>"; };
		E2B2FC9712A851D700588D09 /* ASIInputStream.m */ = {isa = PBXFileReference; fileEncoding = 4; lastKnownFileType = sourcecode.c.objc; path = ASIInputStream.m; sourceTree = "<group>"; };
		E2B2FC9812A851D700588D09 /* ASINetworkQueue.h */ = {isa = PBXFileReference; fileEncoding = 4; lastKnownFileType = sourcecode.c.h; path = ASINetworkQueue.h; sourceTree = "<group>"; };
		E2B2FC9912A851D700588D09 /* ASINetworkQueue.m */ = {isa = PBXFileReference; fileEncoding = 4; lastKnownFileType = sourcecode.c.objc; path = ASINetworkQueue.m; sourceTree = "<group>"; };
		E2B2FC9A12A851D700588D09 /* ASIProgressDelegate.h */ = {isa = PBXFileReference; fileEncoding = 4; lastKnownFileType = sourcecode.c.h; path = ASIProgressDelegate.h; sourceTree = "<group>"; };
		E2B2FCA512A851EE00588D09 /* CFNetwork.framework */ = {isa = PBXFileReference; lastKnownFileType = wrapper.framework; name = CFNetwork.framework; path = System/Library/Frameworks/CFNetwork.framework; sourceTree = SDKROOT; };
		E2B2FCA712A851F400588D09 /* SystemConfiguration.framework */ = {isa = PBXFileReference; lastKnownFileType = wrapper.framework; name = SystemConfiguration.framework; path = System/Library/Frameworks/SystemConfiguration.framework; sourceTree = SDKROOT; };
		E2B2FCA912A8521900588D09 /* libz.1.2.3.dylib */ = {isa = PBXFileReference; lastKnownFileType = "compiled.mach-o.dylib"; name = libz.1.2.3.dylib; path = usr/lib/libz.1.2.3.dylib; sourceTree = SDKROOT; };
		E2B2FCE812A854C200588D09 /* Reachability.h */ = {isa = PBXFileReference; fileEncoding = 4; lastKnownFileType = sourcecode.c.h; path = Reachability.h; sourceTree = "<group>"; };
		E2B2FCE912A854C200588D09 /* Reachability.m */ = {isa = PBXFileReference; fileEncoding = 4; lastKnownFileType = sourcecode.c.objc; path = Reachability.m; sourceTree = "<group>"; };
		E2B2FD4F12A8647500588D09 /* ASIAuthenticationDialog.h */ = {isa = PBXFileReference; fileEncoding = 4; lastKnownFileType = sourcecode.c.h; path = ASIAuthenticationDialog.h; sourceTree = "<group>"; };
		E2B2FD5012A8647500588D09 /* ASIAuthenticationDialog.m */ = {isa = PBXFileReference; fileEncoding = 4; lastKnownFileType = sourcecode.c.objc; path = ASIAuthenticationDialog.m; sourceTree = "<group>"; };
		E2B2FDD112A87A0C00588D09 /* LICENSE */ = {isa = PBXFileReference; fileEncoding = 4; lastKnownFileType = text; path = LICENSE; sourceTree = "<group>"; };
		E2CE928F131F095500D92F70 /* Constant.h */ = {isa = PBXFileReference; fileEncoding = 4; lastKnownFileType = sourcecode.c.h; name = Constant.h; path = Gawk.xcodeproj/Constant.h; sourceTree = "<group>"; };
		E2D9E96E12AD936600D317C7 /* Settings.bundle */ = {isa = PBXFileReference; lastKnownFileType = "wrapper.plug-in"; path = Settings.bundle; sourceTree = "<group>"; };
		E2D9EB9A12ADD17800D317C7 /* SearchViewController.h */ = {isa = PBXFileReference; fileEncoding = 4; lastKnownFileType = sourcecode.c.h; path = SearchViewController.h; sourceTree = "<group>"; };
		E2D9EB9B12ADD17800D317C7 /* SearchViewController.m */ = {isa = PBXFileReference; fileEncoding = 4; lastKnownFileType = sourcecode.c.objc; path = SearchViewController.m; sourceTree = "<group>"; };
		E2D9EB9C12ADD17800D317C7 /* SearchViewController.xib */ = {isa = PBXFileReference; lastKnownFileType = file.xib; name = SearchViewController.xib; path = Classes/SearchViewController.xib; sourceTree = "<group>"; };
/* End PBXFileReference section */

/* Begin PBXFrameworksBuildPhase section */
		1D60588F0D05DD3D006BFB54 /* Frameworks */ = {
			isa = PBXFrameworksBuildPhase;
			buildActionMask = 2147483647;
			files = (
				1D60589F0D05DD5A006BFB54 /* Foundation.framework in Frameworks */,
				1DF5F4E00D08C38300B7A737 /* UIKit.framework in Frameworks */,
				288765A50DF7441C002DB57D /* CoreGraphics.framework in Frameworks */,
				E2B2FAED12A7201300588D09 /* MobileCoreServices.framework in Frameworks */,
				E2B2FCA612A851EE00588D09 /* CFNetwork.framework in Frameworks */,
				E2B2FCA812A851F400588D09 /* SystemConfiguration.framework in Frameworks */,
				E2B2FCAA12A8521900588D09 /* libz.1.2.3.dylib in Frameworks */,
				E2A9FACF12AEE4DD002C9D47 /* AVFoundation.framework in Frameworks */,
				E2A9FAD512AEE4F0002C9D47 /* AssetsLibrary.framework in Frameworks */,
			);
			runOnlyForDeploymentPostprocessing = 0;
		};
/* End PBXFrameworksBuildPhase section */

/* Begin PBXGroup section */
		080E96DDFE201D6D7F000001 /* Classes */ = {
			isa = PBXGroup;
			children = (
				E27157191316F1E1002BD0A2 /* FBConnect */,
				E26BE87F12F8AB6E002B50C2 /* Headers */,
				E26BE87812F8AA43002B50C2 /* Controllers */,
				E26BE87712F8AA28002B50C2 /* AppDelegate */,
				E26BE87612F8AA1B002B50C2 /* VideoControl */,
				E2B2FDBB12A8778E00588D09 /* ASIHTTPRequest */,
			);
			path = Classes;
			sourceTree = "<group>";
		};
		19C28FACFE9D520D11CA2CBB /* Products */ = {
			isa = PBXGroup;
			children = (
				1D6058910D05DD3D006BFB54 /* Gawk.app */,
			);
			name = Products;
			sourceTree = "<group>";
		};
		29B97314FDCFA39411CA2CEA /* CustomTemplate */ = {
			isa = PBXGroup;
			children = (
				E2CE928F131F095500D92F70 /* Constant.h */,
				E26BE87912F8AA5B002B50C2 /* Views */,
				080E96DDFE201D6D7F000001 /* Classes */,
				29B97315FDCFA39411CA2CEA /* Other Sources */,
				29B97317FDCFA39411CA2CEA /* Resources */,
				29B97323FDCFA39411CA2CEA /* Frameworks */,
				19C28FACFE9D520D11CA2CBB /* Products */,
				E2B2FAEC12A7201300588D09 /* MobileCoreServices.framework */,
				E2B2FCA512A851EE00588D09 /* CFNetwork.framework */,
				E2B2FCA712A851F400588D09 /* SystemConfiguration.framework */,
				E2B2FCA912A8521900588D09 /* libz.1.2.3.dylib */,
				E2A9FACE12AEE4DD002C9D47 /* AVFoundation.framework */,
				E2A9FAD412AEE4F0002C9D47 /* AssetsLibrary.framework */,
				E2A9FCB212AF1AD8002C9D47 /* QuartzCore.framework */,
			);
			name = CustomTemplate;
			sourceTree = "<group>";
		};
		29B97315FDCFA39411CA2CEA /* Other Sources */ = {
			isa = PBXGroup;
			children = (
				32CA4F630368D1EE00C91783 /* Gawk_Prefix.pch */,
				29B97316FDCFA39411CA2CEA /* main.m */,
			);
			name = "Other Sources";
			sourceTree = "<group>";
		};
		29B97317FDCFA39411CA2CEA /* Resources */ = {
			isa = PBXGroup;
			children = (
				E200728F12F9F1FA006CAFBA /* Images */,
				E26BE88812F8AE2E002B50C2 /* README.md */,
				E24C9F8212AC74CD00C71ECD /* Entitlements.plist */,
				8D1107310486CEB800E47090 /* Gawk-Info.plist */,
				E2B2FDD112A87A0C00588D09 /* LICENSE */,
				E2D9E96E12AD936600D317C7 /* Settings.bundle */,
				E26BE88612F8ACEB002B50C2 /* CHANGELOG */,
				E20073C212FA1DD0006CAFBA /* TODO */,
			);
			name = Resources;
			sourceTree = "<group>";
		};
		29B97323FDCFA39411CA2CEA /* Frameworks */ = {
			isa = PBXGroup;
			children = (
				1DF5F4DF0D08C38300B7A737 /* UIKit.framework */,
				1D30AB110D05D00D00671497 /* Foundation.framework */,
				288765A40DF7441C002DB57D /* CoreGraphics.framework */,
			);
			name = Frameworks;
			sourceTree = "<group>";
		};
		E200728F12F9F1FA006CAFBA /* Images */ = {
			isa = PBXGroup;
			children = (
				E22C4A911320489900C2B7BB /* fbicon.png */,
				E27157D31317068B002BD0A2 /* rounded_table_cell_bottom.png */,
				E27157D41317068B002BD0A2 /* rounded_table_cell_bottom@2x.png */,
				E27157D51317068B002BD0A2 /* rounded_table_cell_top.png */,
				E27157D61317068B002BD0A2 /* rounded_table_cell_top@2x.png */,
				E27157D71317068B002BD0A2 /* rounded_table_cell.png */,
				E200734612FA0DA1006CAFBA /* texture.png */,
				E200729012F9F20B006CAFBA /* Controls */,
				E200721512F8D97D006CAFBA /* Default.png */,
				E200721612F8D97D006CAFBA /* Default@2.png */,
				E227429312A88A280075E726 /* icon.png */,
			);
			name = Images;
			sourceTree = "<group>";
		};
		E200729012F9F20B006CAFBA /* Controls */ = {
			isa = PBXGroup;
			children = (
				E200729112F9F219006CAFBA /* refresh.png */,
			);
			name = Controls;
			sourceTree = "<group>";
		};
		E26BE87612F8AA1B002B50C2 /* VideoControl */ = {
			isa = PBXGroup;
			children = (
				E2A9F98A12AEC5D4002C9D47 /* CameraViewController.m */,
				E2A9FA4D12AECB7E002C9D47 /* VideoCaptureManager.m */,
			);
			name = VideoControl;
			sourceTree = "<group>";
		};
		E26BE87712F8AA28002B50C2 /* AppDelegate */ = {
			isa = PBXGroup;
			children = (
				1D3623250D0F684500981E51 /* GawkAppDelegate.m */,
			);
			name = AppDelegate;
			sourceTree = "<group>";
		};
		E26BE87812F8AA43002B50C2 /* Controllers */ = {
			isa = PBXGroup;
			children = (
				28D7ACF70DDB3853001CB0EB /* GawkViewController.m */,
				E2D9EB9B12ADD17800D317C7 /* SearchViewController.m */,
				E271576D1316FE39002BD0A2 /* LoginViewController.m */,
			);
			name = Controllers;
			sourceTree = "<group>";
		};
		E26BE87912F8AA5B002B50C2 /* Views */ = {
			isa = PBXGroup;
			children = (
				E271576E1316FE39002BD0A2 /* LoginViewController.xib */,
				E2A9F98B12AEC5D4002C9D47 /* CameraViewController.xib */,
				E2D9EB9C12ADD17800D317C7 /* SearchViewController.xib */,
				2899E5210DE3E06400AC0155 /* GawkViewController.xib */,
				28AD733E0D9D9553002E5188 /* MainWindow.xib */,
			);
			name = Views;
			sourceTree = "<group>";
		};
		E26BE87F12F8AB6E002B50C2 /* Headers */ = {
			isa = PBXGroup;
			children = (
				28D7ACF60DDB3853001CB0EB /* GawkViewController.h */,
				E2D9EB9A12ADD17800D317C7 /* SearchViewController.h */,
				E271576C1316FE39002BD0A2 /* LoginViewController.h */,
				1D3623240D0F684500981E51 /* GawkAppDelegate.h */,
				E2A9F98912AEC5D4002C9D47 /* CameraViewController.h */,
				E2A9FA4C12AECB7E002C9D47 /* VideoCaptureManager.h */,
			);
			name = Headers;
			sourceTree = "<group>";
		};
		E27157191316F1E1002BD0A2 /* FBConnect */ = {
			isa = PBXGroup;
			children = (
				E271571A1316F1E1002BD0A2 /* FBDialog.bundle */,
				E271571B1316F1E1002BD0A2 /* JSON */,
				E27157291316F1E1002BD0A2 /* FBConnect.h */,
				E271572A1316F1E1002BD0A2 /* FBRequest.h */,
				E271572B1316F1E1002BD0A2 /* FBRequest.m */,
				E271572C1316F1E1002BD0A2 /* Facebook.m */,
				E271572D1316F1E1002BD0A2 /* Facebook.h */,
				E271572E1316F1E1002BD0A2 /* FBLoginDialog.h */,
				E271572F1316F1E1002BD0A2 /* FBLoginDialog.m */,
				E27157301316F1E1002BD0A2 /* FBDialog.h */,
				E27157311316F1E1002BD0A2 /* FBDialog.m */,
			);
			name = FBConnect;
			sourceTree = "<group>";
		};
		E271571B1316F1E1002BD0A2 /* JSON */ = {
			isa = PBXGroup;
			children = (
				E271571C1316F1E1002BD0A2 /* JSON.h */,
				E271571D1316F1E1002BD0A2 /* NSObject+SBJSON.h */,
				E271571E1316F1E1002BD0A2 /* NSObject+SBJSON.m */,
				E271571F1316F1E1002BD0A2 /* NSString+SBJSON.h */,
				E27157201316F1E1002BD0A2 /* NSString+SBJSON.m */,
				E27157211316F1E1002BD0A2 /* SBJSON.h */,
				E27157221316F1E1002BD0A2 /* SBJSON.m */,
				E27157231316F1E1002BD0A2 /* SBJsonBase.h */,
				E27157241316F1E1002BD0A2 /* SBJsonBase.m */,
				E27157251316F1E1002BD0A2 /* SBJsonParser.h */,
				E27157261316F1E1002BD0A2 /* SBJsonParser.m */,
				E27157271316F1E1002BD0A2 /* SBJsonWriter.h */,
				E27157281316F1E1002BD0A2 /* SBJsonWriter.m */,
			);
			path = JSON;
			sourceTree = "<group>";
		};
		E2B2FDBB12A8778E00588D09 /* ASIHTTPRequest */ = {
			isa = PBXGroup;
			children = (
				E2B2FC8912A851D700588D09 /* ASICacheDelegate.h */,
				E2B2FC8A12A851D700588D09 /* ASIDataCompressor.h */,
				E2B2FC8B12A851D700588D09 /* ASIDataCompressor.m */,
				E2B2FC8C12A851D700588D09 /* ASIDataDecompressor.h */,
				E2B2FC8D12A851D700588D09 /* ASIDataDecompressor.m */,
				E2B2FC8E12A851D700588D09 /* ASIDownloadCache.h */,
				E2B2FC8F12A851D700588D09 /* ASIDownloadCache.m */,
				E2B2FC9012A851D700588D09 /* ASIFormDataRequest.h */,
				E2B2FC9112A851D700588D09 /* ASIFormDataRequest.m */,
				E2B2FC9212A851D700588D09 /* ASIHTTPRequest.h */,
				E2B2FD4F12A8647500588D09 /* ASIAuthenticationDialog.h */,
				E2B2FD5012A8647500588D09 /* ASIAuthenticationDialog.m */,
				E2B2FCE812A854C200588D09 /* Reachability.h */,
				E2B2FCE912A854C200588D09 /* Reachability.m */,
				E2B2FC9312A851D700588D09 /* ASIHTTPRequest.m */,
				E2B2FC9412A851D700588D09 /* ASIHTTPRequestConfig.h */,
				E2B2FC9512A851D700588D09 /* ASIHTTPRequestDelegate.h */,
				E2B2FC9612A851D700588D09 /* ASIInputStream.h */,
				E2B2FC9712A851D700588D09 /* ASIInputStream.m */,
				E2B2FC9812A851D700588D09 /* ASINetworkQueue.h */,
				E2B2FC9912A851D700588D09 /* ASINetworkQueue.m */,
				E2B2FC9A12A851D700588D09 /* ASIProgressDelegate.h */,
			);
			name = ASIHTTPRequest;
			sourceTree = "<group>";
		};
/* End PBXGroup section */

/* Begin PBXNativeTarget section */
		1D6058900D05DD3D006BFB54 /* Gawk */ = {
			isa = PBXNativeTarget;
			buildConfigurationList = 1D6058960D05DD3E006BFB54 /* Build configuration list for PBXNativeTarget "Gawk" */;
			buildPhases = (
				1D60588D0D05DD3D006BFB54 /* Resources */,
				1D60588E0D05DD3D006BFB54 /* Sources */,
				1D60588F0D05DD3D006BFB54 /* Frameworks */,
			);
			buildRules = (
			);
			dependencies = (
			);
			name = Gawk;
			productName = Gawk;
			productReference = 1D6058910D05DD3D006BFB54 /* Gawk.app */;
			productType = "com.apple.product-type.application";
		};
/* End PBXNativeTarget section */

/* Begin PBXProject section */
		29B97313FDCFA39411CA2CEA /* Project object */ = {
			isa = PBXProject;
			attributes = {
				ORGANIZATIONNAME = "Clock Ltd.";
			};
			buildConfigurationList = C01FCF4E08A954540054247B /* Build configuration list for PBXProject "Gawk" */;
			compatibilityVersion = "Xcode 3.2";
			developmentRegion = English;
			hasScannedForEncodings = 1;
			knownRegions = (
				English,
				Japanese,
				French,
				German,
			);
			mainGroup = 29B97314FDCFA39411CA2CEA /* CustomTemplate */;
			projectDirPath = "";
			projectRoot = "";
			targets = (
				1D6058900D05DD3D006BFB54 /* Gawk */,
			);
		};
/* End PBXProject section */

/* Begin PBXResourcesBuildPhase section */
		1D60588D0D05DD3D006BFB54 /* Resources */ = {
			isa = PBXResourcesBuildPhase;
			buildActionMask = 2147483647;
			files = (
				28AD733F0D9D9553002E5188 /* MainWindow.xib in Resources */,
				2899E5220DE3E06400AC0155 /* GawkViewController.xib in Resources */,
				E2B2FDD212A87A0C00588D09 /* LICENSE in Resources */,
				E227429412A88A280075E726 /* icon.png in Resources */,
				E2D9E96F12AD936600D317C7 /* Settings.bundle in Resources */,
				E2D9EB9E12ADD17800D317C7 /* SearchViewController.xib in Resources */,
				E2A9F98D12AEC5D4002C9D47 /* CameraViewController.xib in Resources */,
				E26BE88712F8ACEB002B50C2 /* CHANGELOG in Resources */,
				E26BE88912F8AE2E002B50C2 /* README.md in Resources */,
				E200721712F8D97D006CAFBA /* Default.png in Resources */,
				E200721812F8D97D006CAFBA /* Default@2.png in Resources */,
				E200729212F9F219006CAFBA /* refresh.png in Resources */,
				E200734712FA0DA1006CAFBA /* texture.png in Resources */,
				E20073C312FA1DD0006CAFBA /* TODO in Resources */,
				E27157321316F1E1002BD0A2 /* FBDialog.bundle in Resources */,
				E27157701316FE39002BD0A2 /* LoginViewController.xib in Resources */,
				E27157D81317068B002BD0A2 /* rounded_table_cell_bottom.png in Resources */,
				E27157D91317068B002BD0A2 /* rounded_table_cell_bottom@2x.png in Resources */,
				E27157DA1317068B002BD0A2 /* rounded_table_cell_top.png in Resources */,
				E27157DB1317068B002BD0A2 /* rounded_table_cell_top@2x.png in Resources */,
				E27157DC1317068B002BD0A2 /* rounded_table_cell.png in Resources */,
				E22C4A921320489900C2B7BB /* fbicon.png in Resources */,
			);
			runOnlyForDeploymentPostprocessing = 0;
		};
/* End PBXResourcesBuildPhase section */

/* Begin PBXSourcesBuildPhase section */
		1D60588E0D05DD3D006BFB54 /* Sources */ = {
			isa = PBXSourcesBuildPhase;
			buildActionMask = 2147483647;
			files = (
				1D60589B0D05DD56006BFB54 /* main.m in Sources */,
				1D3623260D0F684500981E51 /* GawkAppDelegate.m in Sources */,
				28D7ACF80DDB3853001CB0EB /* GawkViewController.m in Sources */,
				E2B2FC9C12A851D700588D09 /* ASIDataCompressor.m in Sources */,
				E2B2FC9D12A851D700588D09 /* ASIDataDecompressor.m in Sources */,
				E2B2FC9E12A851D700588D09 /* ASIDownloadCache.m in Sources */,
				E2B2FC9F12A851D700588D09 /* ASIFormDataRequest.m in Sources */,
				E2B2FCA012A851D700588D09 /* ASIHTTPRequest.m in Sources */,
				E2B2FCA112A851D700588D09 /* ASIInputStream.m in Sources */,
				E2B2FCA212A851D700588D09 /* ASINetworkQueue.m in Sources */,
				E2B2FCEA12A854C200588D09 /* Reachability.m in Sources */,
				E2B2FD5112A8647500588D09 /* ASIAuthenticationDialog.m in Sources */,
				E2D9EB9D12ADD17800D317C7 /* SearchViewController.m in Sources */,
				E2A9F98C12AEC5D4002C9D47 /* CameraViewController.m in Sources */,
				E2A9FA4E12AECB7E002C9D47 /* VideoCaptureManager.m in Sources */,
				E27157331316F1E1002BD0A2 /* NSObject+SBJSON.m in Sources */,
				E27157341316F1E1002BD0A2 /* NSString+SBJSON.m in Sources */,
				E27157351316F1E1002BD0A2 /* SBJSON.m in Sources */,
				E27157361316F1E1002BD0A2 /* SBJsonBase.m in Sources */,
				E27157371316F1E1002BD0A2 /* SBJsonParser.m in Sources */,
				E27157381316F1E1002BD0A2 /* SBJsonWriter.m in Sources */,
				E27157391316F1E1002BD0A2 /* FBRequest.m in Sources */,
				E271573A1316F1E1002BD0A2 /* Facebook.m in Sources */,
				E271573B1316F1E1002BD0A2 /* FBLoginDialog.m in Sources */,
				E271573C1316F1E1002BD0A2 /* FBDialog.m in Sources */,
				E271576F1316FE39002BD0A2 /* LoginViewController.m in Sources */,
			);
			runOnlyForDeploymentPostprocessing = 0;
		};
/* End PBXSourcesBuildPhase section */

/* Begin XCBuildConfiguration section */
		1D6058940D05DD3E006BFB54 /* Debug */ = {
			isa = XCBuildConfiguration;
			buildSettings = {
				ALWAYS_SEARCH_USER_PATHS = NO;
				CODE_SIGN_ENTITLEMENTS = "~/Dropbox/Objective-C Progs/Gawk/Entitlements.plist";
				COPY_PHASE_STRIP = NO;
				GCC_DYNAMIC_NO_PIC = NO;
				GCC_OPTIMIZATION_LEVEL = 0;
				GCC_PRECOMPILE_PREFIX_HEADER = YES;
				GCC_PREFIX_HEADER = Gawk_Prefix.pch;
				INFOPLIST_FILE = "Gawk-Info.plist";
				PRODUCT_NAME = Gawk;
			};
			name = Debug;
		};
		1D6058950D05DD3E006BFB54 /* Release */ = {
			isa = XCBuildConfiguration;
			buildSettings = {
				ALWAYS_SEARCH_USER_PATHS = NO;
				CODE_SIGN_ENTITLEMENTS = "~/Dropbox/Objective-C Progs/Gawk/Entitlements.plist";
				COPY_PHASE_STRIP = YES;
				GCC_PRECOMPILE_PREFIX_HEADER = YES;
				GCC_PREFIX_HEADER = Gawk_Prefix.pch;
				INFOPLIST_FILE = "Gawk-Info.plist";
				PRODUCT_NAME = Gawk;
				VALIDATE_PRODUCT = YES;
			};
			name = Release;
		};
		C01FCF4F08A954540054247B /* Debug */ = {
			isa = XCBuildConfiguration;
			buildSettings = {
				ARCHS = "$(ARCHS_STANDARD_32_BIT)";
				"CODE_SIGN_IDENTITY[sdk=iphoneos*]" = "iPhone Developer";
				GCC_C_LANGUAGE_STANDARD = c99;
				GCC_WARN_ABOUT_RETURN_TYPE = YES;
				GCC_WARN_UNUSED_VARIABLE = YES;
				PREBINDING = NO;
				SDKROOT = iphoneos;
			};
			name = Debug;
		};
		C01FCF5008A954540054247B /* Release */ = {
			isa = XCBuildConfiguration;
			buildSettings = {
				ARCHS = "$(ARCHS_STANDARD_32_BIT)";
				CODE_SIGN_IDENTITY = "iPhone Developer: Paul Serby (544PETJ5GE)";
				"CODE_SIGN_IDENTITY[sdk=iphoneos*]" = "iPhone Developer: Paul Serby (544PETJ5GE)";
				GCC_C_LANGUAGE_STANDARD = c99;
				GCC_WARN_ABOUT_RETURN_TYPE = YES;
				GCC_WARN_UNUSED_VARIABLE = YES;
				OTHER_CFLAGS = "-DNS_BLOCK_ASSERTIONS=1";
				PREBINDING = NO;
				PROVISIONING_PROFILE = "4A1DD489-CF24-459E-85DF-AEDE1EB88909";
				"PROVISIONING_PROFILE[sdk=iphoneos*]" = "4A1DD489-CF24-459E-85DF-AEDE1EB88909";
				SDKROOT = iphoneos;
			};
			name = Release;
		};
		E24C9F7612AC721600C71ECD /* Distribution */ = {
			isa = XCBuildConfiguration;
			buildSettings = {
				ARCHS = "$(ARCHS_STANDARD_32_BIT)";
				CODE_SIGN_IDENTITY = "iPhone Distribution: Paul Serby";
				"CODE_SIGN_IDENTITY[sdk=iphoneos*]" = "iPhone Distribution: Paul Serby";
				GCC_C_LANGUAGE_STANDARD = c99;
				GCC_WARN_ABOUT_RETURN_TYPE = YES;
				GCC_WARN_UNUSED_VARIABLE = YES;
				ONLY_ACTIVE_ARCH = NO;
				OTHER_CFLAGS = "-DNS_BLOCK_ASSERTIONS=1";
				PREBINDING = NO;
				PROVISIONING_PROFILE = "8B8CC7A5-BA44-4F9C-ADE7-ACE4F7013D9B";
				"PROVISIONING_PROFILE[sdk=iphoneos*]" = "8B8CC7A5-BA44-4F9C-ADE7-ACE4F7013D9B";
				SDKROOT = iphoneos;
				VALID_ARCHS = "armv6 armv7";
			};
			name = Distribution;
		};
		E24C9F7712AC721600C71ECD /* Distribution */ = {
			isa = XCBuildConfiguration;
			buildSettings = {
				ALWAYS_SEARCH_USER_PATHS = NO;
				CODE_SIGN_ENTITLEMENTS = Entitlements.plist;
				COPY_PHASE_STRIP = YES;
				GCC_PRECOMPILE_PREFIX_HEADER = YES;
				GCC_PREFIX_HEADER = Gawk_Prefix.pch;
				INFOPLIST_FILE = "Gawk-Info.plist";
				PRODUCT_NAME = Gawk;
				VALIDATE_PRODUCT = YES;
			};
			name = Distribution;
		};
/* End XCBuildConfiguration section */

/* Begin XCConfigurationList section */
		1D6058960D05DD3E006BFB54 /* Build configuration list for PBXNativeTarget "Gawk" */ = {
			isa = XCConfigurationList;
			buildConfigurations = (
				1D6058940D05DD3E006BFB54 /* Debug */,
				1D6058950D05DD3E006BFB54 /* Release */,
				E24C9F7712AC721600C71ECD /* Distribution */,
			);
			defaultConfigurationIsVisible = 0;
			defaultConfigurationName = Release;
		};
		C01FCF4E08A954540054247B /* Build configuration list for PBXProject "Gawk" */ = {
			isa = XCConfigurationList;
			buildConfigurations = (
				C01FCF4F08A954540054247B /* Debug */,
				C01FCF5008A954540054247B /* Release */,
				E24C9F7612AC721600C71ECD /* Distribution */,
			);
			defaultConfigurationIsVisible = 0;
			defaultConfigurationName = Release;
		};
/* End XCConfigurationList section */
	};
	rootObject = 29B97313FDCFA39411CA2CEA /* Project object */;
}
